// !$*UTF8*$!
{
	archiveVersion = 1;
	classes = {
	};
	objectVersion = 46;
	objects = {

/* Begin PBXBuildFile section */
		3B08791E1C46ACEF00673CB2 /* AppDelegate.swift in Sources */ = {isa = PBXBuildFile; fileRef = 3B08791D1C46ACEF00673CB2 /* AppDelegate.swift */; };
		3B0879201C46ACEF00673CB2 /* ViewController.swift in Sources */ = {isa = PBXBuildFile; fileRef = 3B08791F1C46ACEF00673CB2 /* ViewController.swift */; };
		3B0879231C46ACEF00673CB2 /* Main.storyboard in Resources */ = {isa = PBXBuildFile; fileRef = 3B0879211C46ACEF00673CB2 /* Main.storyboard */; };
		3B0879251C46ACEF00673CB2 /* Assets.xcassets in Resources */ = {isa = PBXBuildFile; fileRef = 3B0879241C46ACEF00673CB2 /* Assets.xcassets */; };
		3B0879281C46ACEF00673CB2 /* LaunchScreen.storyboard in Resources */ = {isa = PBXBuildFile; fileRef = 3B0879261C46ACEF00673CB2 /* LaunchScreen.storyboard */; };
		3B0879331C46ACEF00673CB2 /* TableViewPracticeTests.swift in Sources */ = {isa = PBXBuildFile; fileRef = 3B0879321C46ACEF00673CB2 /* TableViewPracticeTests.swift */; };
		3B08793E1C46ACEF00673CB2 /* TableViewPracticeUITests.swift in Sources */ = {isa = PBXBuildFile; fileRef = 3B08793D1C46ACEF00673CB2 /* TableViewPracticeUITests.swift */; };
/* End PBXBuildFile section */

/* Begin PBXContainerItemProxy section */
		3B08792F1C46ACEF00673CB2 /* PBXContainerItemProxy */ = {
			isa = PBXContainerItemProxy;
			containerPortal = 3B0879121C46ACEF00673CB2 /* Project object */;
			proxyType = 1;
			remoteGlobalIDString = 3B0879191C46ACEF00673CB2;
			remoteInfo = TableViewPractice;
		};
		3B08793A1C46ACEF00673CB2 /* PBXContainerItemProxy */ = {
			isa = PBXContainerItemProxy;
			containerPortal = 3B0879121C46ACEF00673CB2 /* Project object */;
			proxyType = 1;
			remoteGlobalIDString = 3B0879191C46ACEF00673CB2;
			remoteInfo = TableViewPractice;
		};
/* End PBXContainerItemProxy section */

/* Begin PBXFileReference section */
		3B08791A1C46ACEF00673CB2 /* TableViewPractice.app */ = {isa = PBXFileReference; explicitFileType = wrapper.application; includeInIndex = 0; path = TableViewPractice.app; sourceTree = BUILT_PRODUCTS_DIR; };
		3B08791D1C46ACEF00673CB2 /* AppDelegate.swift */ = {isa = PBXFileReference; lastKnownFileType = sourcecode.swift; path = AppDelegate.swift; sourceTree = "<group>"; };
		3B08791F1C46ACEF00673CB2 /* ViewController.swift */ = {isa = PBXFileReference; lastKnownFileType = sourcecode.swift; path = ViewController.swift; sourceTree = "<group>"; };
		3B0879221C46ACEF00673CB2 /* Base */ = {isa = PBXFileReference; lastKnownFileType = file.storyboard; name = Base; path = Base.lproj/Main.storyboard; sourceTree = "<group>"; };
		3B0879241C46ACEF00673CB2 /* Assets.xcassets */ = {isa = PBXFileReference; lastKnownFileType = folder.assetcatalog; path = Assets.xcassets; sourceTree = "<group>"; };
		3B0879271C46ACEF00673CB2 /* Base */ = {isa = PBXFileReference; lastKnownFileType = file.storyboard; name = Base; path = Base.lproj/LaunchScreen.storyboard; sourceTree = "<group>"; };
		3B0879291C46ACEF00673CB2 /* Info.plist */ = {isa = PBXFileReference; lastKnownFileType = text.plist.xml; path = Info.plist; sourceTree = "<group>"; };
		3B08792E1C46ACEF00673CB2 /* TableViewPracticeTests.xctest */ = {isa = PBXFileReference; explicitFileType = wrapper.cfbundle; includeInIndex = 0; path = TableViewPracticeTests.xctest; sourceTree = BUILT_PRODUCTS_DIR; };
		3B0879321C46ACEF00673CB2 /* TableViewPracticeTests.swift */ = {isa = PBXFileReference; lastKnownFileType = sourcecode.swift; path = TableViewPracticeTests.swift; sourceTree = "<group>"; };
		3B0879341C46ACEF00673CB2 /* Info.plist */ = {isa = PBXFileReference; lastKnownFileType = text.plist.xml; path = Info.plist; sourceTree = "<group>"; };
		3B0879391C46ACEF00673CB2 /* TableViewPracticeUITests.xctest */ = {isa = PBXFileReference; explicitFileType = wrapper.cfbundle; includeInIndex = 0; path = TableViewPracticeUITests.xctest; sourceTree = BUILT_PRODUCTS_DIR; };
		3B08793D1C46ACEF00673CB2 /* TableViewPracticeUITests.swift */ = {isa = PBXFileReference; lastKnownFileType = sourcecode.swift; path = TableViewPracticeUITests.swift; sourceTree = "<group>"; };
		3B08793F1C46ACEF00673CB2 /* Info.plist */ = {isa = PBXFileReference; lastKnownFileType = text.plist.xml; path = Info.plist; sourceTree = "<group>"; };
/* End PBXFileReference section */

/* Begin PBXFrameworksBuildPhase section */
		3B0879171C46ACEF00673CB2 /* Frameworks */ = {
			isa = PBXFrameworksBuildPhase;
			buildActionMask = 2147483647;
			files = (
			);
			runOnlyForDeploymentPostprocessing = 0;
		};
		3B08792B1C46ACEF00673CB2 /* Frameworks */ = {
			isa = PBXFrameworksBuildPhase;
			buildActionMask = 2147483647;
			files = (
			);
			runOnlyForDeploymentPostprocessing = 0;
		};
		3B0879361C46ACEF00673CB2 /* Frameworks */ = {
			isa = PBXFrameworksBuildPhase;
			buildActionMask = 2147483647;
			files = (
			);
			runOnlyForDeploymentPostprocessing = 0;
		};
/* End PBXFrameworksBuildPhase section */

/* Begin PBXGroup section */
		3B0879111C46ACEF00673CB2 = {
			isa = PBXGroup;
			children = (
				3B08791C1C46ACEF00673CB2 /* TableViewPractice */,
				3B0879311C46ACEF00673CB2 /* TableViewPracticeTests */,
				3B08793C1C46ACEF00673CB2 /* TableViewPracticeUITests */,
				3B08791B1C46ACEF00673CB2 /* Products */,
			);
			sourceTree = "<group>";
		};
		3B08791B1C46ACEF00673CB2 /* Products */ = {
			isa = PBXGroup;
			children = (
				3B08791A1C46ACEF00673CB2 /* TableViewPractice.app */,
				3B08792E1C46ACEF00673CB2 /* TableViewPracticeTests.xctest */,
				3B0879391C46ACEF00673CB2 /* TableViewPracticeUITests.xctest */,
			);
			name = Products;
			sourceTree = "<group>";
		};
		3B08791C1C46ACEF00673CB2 /* TableViewPractice */ = {
			isa = PBXGroup;
			children = (
				3B08791D1C46ACEF00673CB2 /* AppDelegate.swift */,
				3B08791F1C46ACEF00673CB2 /* ViewController.swift */,
				3B0879211C46ACEF00673CB2 /* Main.storyboard */,
				3B0879241C46ACEF00673CB2 /* Assets.xcassets */,
				3B0879261C46ACEF00673CB2 /* LaunchScreen.storyboard */,
				3B0879291C46ACEF00673CB2 /* Info.plist */,
			);
			path = TableViewPractice;
			sourceTree = "<group>";
		};
		3B0879311C46ACEF00673CB2 /* TableViewPracticeTests */ = {
			isa = PBXGroup;
			children = (
				3B0879321C46ACEF00673CB2 /* TableViewPracticeTests.swift */,
				3B0879341C46ACEF00673CB2 /* Info.plist */,
			);
			path = TableViewPracticeTests;
			sourceTree = "<group>";
		};
		3B08793C1C46ACEF00673CB2 /* TableViewPracticeUITests */ = {
			isa = PBXGroup;
			children = (
				3B08793D1C46ACEF00673CB2 /* TableViewPracticeUITests.swift */,
				3B08793F1C46ACEF00673CB2 /* Info.plist */,
			);
			path = TableViewPracticeUITests;
			sourceTree = "<group>";
		};
/* End PBXGroup section */

/* Begin PBXNativeTarget section */
		3B0879191C46ACEF00673CB2 /* TableViewPractice */ = {
			isa = PBXNativeTarget;
			buildConfigurationList = 3B0879421C46ACEF00673CB2 /* Build configuration list for PBXNativeTarget "TableViewPractice" */;
			buildPhases = (
				3B0879161C46ACEF00673CB2 /* Sources */,
				3B0879171C46ACEF00673CB2 /* Frameworks */,
				3B0879181C46ACEF00673CB2 /* Resources */,
			);
			buildRules = (
			);
			dependencies = (
			);
			name = TableViewPractice;
			productName = TableViewPractice;
			productReference = 3B08791A1C46ACEF00673CB2 /* TableViewPractice.app */;
			productType = "com.apple.product-type.application";
		};
		3B08792D1C46ACEF00673CB2 /* TableViewPracticeTests */ = {
			isa = PBXNativeTarget;
			buildConfigurationList = 3B0879451C46ACEF00673CB2 /* Build configuration list for PBXNativeTarget "TableViewPracticeTests" */;
			buildPhases = (
				3B08792A1C46ACEF00673CB2 /* Sources */,
				3B08792B1C46ACEF00673CB2 /* Frameworks */,
				3B08792C1C46ACEF00673CB2 /* Resources */,
			);
			buildRules = (
			);
			dependencies = (
				3B0879301C46ACEF00673CB2 /* PBXTargetDependency */,
			);
			name = TableViewPracticeTests;
			productName = TableViewPracticeTests;
			productReference = 3B08792E1C46ACEF00673CB2 /* TableViewPracticeTests.xctest */;
			productType = "com.apple.product-type.bundle.unit-test";
		};
		3B0879381C46ACEF00673CB2 /* TableViewPracticeUITests */ = {
			isa = PBXNativeTarget;
			buildConfigurationList = 3B0879481C46ACEF00673CB2 /* Build configuration list for PBXNativeTarget "TableViewPracticeUITests" */;
			buildPhases = (
				3B0879351C46ACEF00673CB2 /* Sources */,
				3B0879361C46ACEF00673CB2 /* Frameworks */,
				3B0879371C46ACEF00673CB2 /* Resources */,
			);
			buildRules = (
			);
			dependencies = (
				3B08793B1C46ACEF00673CB2 /* PBXTargetDependency */,
			);
			name = TableViewPracticeUITests;
			productName = TableViewPracticeUITests;
			productReference = 3B0879391C46ACEF00673CB2 /* TableViewPracticeUITests.xctest */;
			productType = "com.apple.product-type.bundle.ui-testing";
		};
/* End PBXNativeTarget section */

/* Begin PBXProject section */
		3B0879121C46ACEF00673CB2 /* Project object */ = {
			isa = PBXProject;
			attributes = {
				LastSwiftUpdateCheck = 0720;
				LastUpgradeCheck = 0720;
				ORGANIZATIONNAME = ccross;
				TargetAttributes = {
					3B0879191C46ACEF00673CB2 = {
						CreatedOnToolsVersion = 7.2;
						DevelopmentTeam = C6RFE6RMEJ;
					};
					3B08792D1C46ACEF00673CB2 = {
						CreatedOnToolsVersion = 7.2;
						DevelopmentTeam = C6RFE6RMEJ;
						TestTargetID = 3B0879191C46ACEF00673CB2;
					};
					3B0879381C46ACEF00673CB2 = {
						CreatedOnToolsVersion = 7.2;
						DevelopmentTeam = C6RFE6RMEJ;
						TestTargetID = 3B0879191C46ACEF00673CB2;
					};
				};
			};
			buildConfigurationList = 3B0879151C46ACEF00673CB2 /* Build configuration list for PBXProject "TableViewPractice" */;
			compatibilityVersion = "Xcode 3.2";
			developmentRegion = English;
			hasScannedForEncodings = 0;
			knownRegions = (
				en,
				Base,
			);
			mainGroup = 3B0879111C46ACEF00673CB2;
			productRefGroup = 3B08791B1C46ACEF00673CB2 /* Products */;
			projectDirPath = "";
			projectRoot = "";
			targets = (
				3B0879191C46ACEF00673CB2 /* TableViewPractice */,
				3B08792D1C46ACEF00673CB2 /* TableViewPracticeTests */,
				3B0879381C46ACEF00673CB2 /* TableViewPracticeUITests */,
			);
		};
/* End PBXProject section */

/* Begin PBXResourcesBuildPhase section */
		3B0879181C46ACEF00673CB2 /* Resources */ = {
			isa = PBXResourcesBuildPhase;
			buildActionMask = 2147483647;
			files = (
				3B0879281C46ACEF00673CB2 /* LaunchScreen.storyboard in Resources */,
				3B0879251C46ACEF00673CB2 /* Assets.xcassets in Resources */,
				3B0879231C46ACEF00673CB2 /* Main.storyboard in Resources */,
			);
			runOnlyForDeploymentPostprocessing = 0;
		};
		3B08792C1C46ACEF00673CB2 /* Resources */ = {
			isa = PBXResourcesBuildPhase;
			buildActionMask = 2147483647;
			files = (
			);
			runOnlyForDeploymentPostprocessing = 0;
		};
		3B0879371C46ACEF00673CB2 /* Resources */ = {
			isa = PBXResourcesBuildPhase;
			buildActionMask = 2147483647;
			files = (
			);
			runOnlyForDeploymentPostprocessing = 0;
		};
/* End PBXResourcesBuildPhase section */

/* Begin PBXSourcesBuildPhase section */
		3B0879161C46ACEF00673CB2 /* Sources */ = {
			isa = PBXSourcesBuildPhase;
			buildActionMask = 2147483647;
			files = (
				3B0879201C46ACEF00673CB2 /* ViewController.swift in Sources */,
				3B08791E1C46ACEF00673CB2 /* AppDelegate.swift in Sources */,
			);
			runOnlyForDeploymentPostprocessing = 0;
		};
		3B08792A1C46ACEF00673CB2 /* Sources */ = {
			isa = PBXSourcesBuildPhase;
			buildActionMask = 2147483647;
			files = (
				3B0879331C46ACEF00673CB2 /* TableViewPracticeTests.swift in Sources */,
			);
			runOnlyForDeploymentPostprocessing = 0;
		};
		3B0879351C46ACEF00673CB2 /* Sources */ = {
			isa = PBXSourcesBuildPhase;
			buildActionMask = 2147483647;
			files = (
				3B08793E1C46ACEF00673CB2 /* TableViewPracticeUITests.swift in Sources */,
			);
			runOnlyForDeploymentPostprocessing = 0;
		};
/* End PBXSourcesBuildPhase section */

/* Begin PBXTargetDependency section */
		3B0879301C46ACEF00673CB2 /* PBXTargetDependency */ = {
			isa = PBXTargetDependency;
			target = 3B0879191C46ACEF00673CB2 /* TableViewPractice */;
			targetProxy = 3B08792F1C46ACEF00673CB2 /* PBXContainerItemProxy */;
		};
		3B08793B1C46ACEF00673CB2 /* PBXTargetDependency */ = {
			isa = PBXTargetDependency;
			target = 3B0879191C46ACEF00673CB2 /* TableViewPractice */;
			targetProxy = 3B08793A1C46ACEF00673CB2 /* PBXContainerItemProxy */;
		};
/* End PBXTargetDependency section */

/* Begin PBXVariantGroup section */
		3B0879211C46ACEF00673CB2 /* Main.storyboard */ = {
			isa = PBXVariantGroup;
			children = (
				3B0879221C46ACEF00673CB2 /* Base */,
			);
			name = Main.storyboard;
			sourceTree = "<group>";
		};
		3B0879261C46ACEF00673CB2 /* LaunchScreen.storyboard */ = {
			isa = PBXVariantGroup;
			children = (
				3B0879271C46ACEF00673CB2 /* Base */,
			);
			name = LaunchScreen.storyboard;
			sourceTree = "<group>";
		};
/* End PBXVariantGroup section */

/* Begin XCBuildConfiguration section */
		3B0879401C46ACEF00673CB2 /* Debug */ = {
			isa = XCBuildConfiguration;
			buildSettings = {
				ALWAYS_SEARCH_USER_PATHS = NO;
				CLANG_CXX_LANGUAGE_STANDARD = "gnu++0x";
				CLANG_CXX_LIBRARY = "libc++";
				CLANG_ENABLE_MODULES = YES;
				CLANG_ENABLE_OBJC_ARC = YES;
				CLANG_WARN_BOOL_CONVERSION = YES;
				CLANG_WARN_CONSTANT_CONVERSION = YES;
				CLANG_WARN_DIRECT_OBJC_ISA_USAGE = YES_ERROR;
				CLANG_WARN_EMPTY_BODY = YES;
				CLANG_WARN_ENUM_CONVERSION = YES;
				CLANG_WARN_INT_CONVERSION = YES;
				CLANG_WARN_OBJC_ROOT_CLASS = YES_ERROR;
				CLANG_WARN_UNREACHABLE_CODE = YES;
				CLANG_WARN__DUPLICATE_METHOD_MATCH = YES;
				"CODE_SIGN_IDENTITY[sdk=iphoneos*]" = "iPhone Developer";
				COPY_PHASE_STRIP = NO;
				DEBUG_INFORMATION_FORMAT = dwarf;
				ENABLE_STRICT_OBJC_MSGSEND = YES;
				ENABLE_TESTABILITY = YES;
				GCC_C_LANGUAGE_STANDARD = gnu99;
				GCC_DYNAMIC_NO_PIC = NO;
				GCC_NO_COMMON_BLOCKS = YES;
				GCC_OPTIMIZATION_LEVEL = 0;
				GCC_PREPROCESSOR_DEFINITIONS = (
					"DEBUG=1",
					"$(inherited)",
				);
				GCC_WARN_64_TO_32_BIT_CONVERSION = YES;
				GCC_WARN_ABOUT_RETURN_TYPE = YES_ERROR;
				GCC_WARN_UNDECLARED_SELECTOR = YES;
				GCC_WARN_UNINITIALIZED_AUTOS = YES_AGGRESSIVE;
				GCC_WARN_UNUSED_FUNCTION = YES;
				GCC_WARN_UNUSED_VARIABLE = YES;
				IPHONEOS_DEPLOYMENT_TARGET = 9.2;
				MTL_ENABLE_DEBUG_INFO = YES;
				ONLY_ACTIVE_ARCH = YES;
				SDKROOT = iphoneos;
				SWIFT_OPTIMIZATION_LEVEL = "-Onone";
				TARGETED_DEVICE_FAMILY = "1,2";
			};
			name = Debug;
		};
		3B0879411C46ACEF00673CB2 /* Release */ = {
			isa = XCBuildConfiguration;
			buildSettings = {
				ALWAYS_SEARCH_USER_PATHS = NO;
				CLANG_CXX_LANGUAGE_STANDARD = "gnu++0x";
				CLANG_CXX_LIBRARY = "libc++";
				CLANG_ENABLE_MODULES = YES;
				CLANG_ENABLE_OBJC_ARC = YES;
				CLANG_WARN_BOOL_CONVERSION = YES;
				CLANG_WARN_CONSTANT_CONVERSION = YES;
				CLANG_WARN_DIRECT_OBJC_ISA_USAGE = YES_ERROR;
				CLANG_WARN_EMPTY_BODY = YES;
				CLANG_WARN_ENUM_CONVERSION = YES;
				CLANG_WARN_INT_CONVERSION = YES;
				CLANG_WARN_OBJC_ROOT_CLASS = YES_ERROR;
				CLANG_WARN_UNREACHABLE_CODE = YES;
				CLANG_WARN__DUPLICATE_METHOD_MATCH = YES;
				"CODE_SIGN_IDENTITY[sdk=iphoneos*]" = "iPhone Developer";
				COPY_PHASE_STRIP = NO;
				DEBUG_INFORMATION_FORMAT = "dwarf-with-dsym";
				ENABLE_NS_ASSERTIONS = NO;
				ENABLE_STRICT_OBJC_MSGSEND = YES;
				GCC_C_LANGUAGE_STANDARD = gnu99;
				GCC_NO_COMMON_BLOCKS = YES;
				GCC_WARN_64_TO_32_BIT_CONVERSION = YES;
				GCC_WARN_ABOUT_RETURN_TYPE = YES_ERROR;
				GCC_WARN_UNDECLARED_SELECTOR = YES;
				GCC_WARN_UNINITIALIZED_AUTOS = YES_AGGRESSIVE;
				GCC_WARN_UNUSED_FUNCTION = YES;
				GCC_WARN_UNUSED_VARIABLE = YES;
				IPHONEOS_DEPLOYMENT_TARGET = 9.2;
				MTL_ENABLE_DEBUG_INFO = NO;
				SDKROOT = iphoneos;
				TARGETED_DEVICE_FAMILY = "1,2";
				VALIDATE_PRODUCT = YES;
			};
			name = Release;
		};
		3B0879431C46ACEF00673CB2 /* Debug */ = {
			isa = XCBuildConfiguration;
			buildSettings = {
				ASSETCATALOG_COMPILER_APPICON_NAME = AppIcon;
				INFOPLIST_FILE = TableViewPractice/Info.plist;
				LD_RUNPATH_SEARCH_PATHS = "$(inherited) @executable_path/Frameworks";
				PRODUCT_BUNDLE_IDENTIFIER = ccross.TableViewPractice;
				PRODUCT_NAME = "$(TARGET_NAME)";
			};
			name = Debug;
		};
		3B0879441C46ACEF00673CB2 /* Release */ = {
			isa = XCBuildConfiguration;
			buildSettings = {
				ASSETCATALOG_COMPILER_APPICON_NAME = AppIcon;
				INFOPLIST_FILE = TableViewPractice/Info.plist;
				LD_RUNPATH_SEARCH_PATHS = "$(inherited) @executable_path/Frameworks";
				PRODUCT_BUNDLE_IDENTIFIER = ccross.TableViewPractice;
				PRODUCT_NAME = "$(TARGET_NAME)";
			};
			name = Release;
		};
		3B0879461C46ACEF00673CB2 /* Debug */ = {
			isa = XCBuildConfiguration;
			buildSettings = {
				BUNDLE_LOADER = "$(TEST_HOST)";
				INFOPLIST_FILE = TableViewPracticeTests/Info.plist;
				LD_RUNPATH_SEARCH_PATHS = "$(inherited) @executable_path/Frameworks @loader_path/Frameworks";
				PRODUCT_BUNDLE_IDENTIFIER = ccross.TableViewPracticeTests;
				PRODUCT_NAME = "$(TARGET_NAME)";
				TEST_HOST = "$(BUILT_PRODUCTS_DIR)/TableViewPractice.app/TableViewPractice";
			};
			name = Debug;
		};
		3B0879471C46ACEF00673CB2 /* Release */ = {
			isa = XCBuildConfiguration;
			buildSettings = {
				BUNDLE_LOADER = "$(TEST_HOST)";
				INFOPLIST_FILE = TableViewPracticeTests/Info.plist;
				LD_RUNPATH_SEARCH_PATHS = "$(inherited) @executable_path/Frameworks @loader_path/Frameworks";
				PRODUCT_BUNDLE_IDENTIFIER = ccross.TableViewPracticeTests;
				PRODUCT_NAME = "$(TARGET_NAME)";
				TEST_HOST = "$(BUILT_PRODUCTS_DIR)/TableViewPractice.app/TableViewPractice";
			};
			name = Release;
		};
		3B0879491C46ACEF00673CB2 /* Debug */ = {
			isa = XCBuildConfiguration;
			buildSettings = {
				INFOPLIST_FILE = TableViewPracticeUITests/Info.plist;
				LD_RUNPATH_SEARCH_PATHS = "$(inherited) @executable_path/Frameworks @loader_path/Frameworks";
				PRODUCT_BUNDLE_IDENTIFIER = ccross.TableViewPracticeUITests;
				PRODUCT_NAME = "$(TARGET_NAME)";
				TEST_TARGET_NAME = TableViewPractice;
				USES_XCTRUNNER = YES;
			};
			name = Debug;
		};
		3B08794A1C46ACEF00673CB2 /* Release */ = {
			isa = XCBuildConfiguration;
			buildSettings = {
				INFOPLIST_FILE = TableViewPracticeUITests/Info.plist;
				LD_RUNPATH_SEARCH_PATHS = "$(inherited) @executable_path/Frameworks @loader_path/Frameworks";
				PRODUCT_BUNDLE_IDENTIFIER = ccross.TableViewPracticeUITests;
				PRODUCT_NAME = "$(TARGET_NAME)";
				TEST_TARGET_NAME = TableViewPractice;
				USES_XCTRUNNER = YES;
			};
			name = Release;
		};
/* End XCBuildConfiguration section */

/* Begin XCConfigurationList section */
		3B0879151C46ACEF00673CB2 /* Build configuration list for PBXProject "TableViewPractice" */ = {
			isa = XCConfigurationList;
			buildConfigurations = (
				3B0879401C46ACEF00673CB2 /* Debug */,
				3B0879411C46ACEF00673CB2 /* Release */,
			);
			defaultConfigurationIsVisible = 0;
			defaultConfigurationName = Release;
		};
		3B0879421C46ACEF00673CB2 /* Build configuration list for PBXNativeTarget "TableViewPractice" */ = {
			isa = XCConfigurationList;
			buildConfigurations = (
				3B0879431C46ACEF00673CB2 /* Debug */,
				3B0879441C46ACEF00673CB2 /* Release */,
			);
			defaultConfigurationIsVisible = 0;
		};
		3B0879451C46ACEF00673CB2 /* Build configuration list for PBXNativeTarget "TableViewPracticeTests" */ = {
			isa = XCConfigurationList;
			buildConfigurations = (
				3B0879461C46ACEF00673CB2 /* Debug */,
				3B0879471C46ACEF00673CB2 /* Release */,
			);
			defaultConfigurationIsVisible = 0;
		};
		3B0879481C46ACEF00673CB2 /* Build configuration list for PBXNativeTarget "TableViewPracticeUITests" */ = {
			isa = XCConfigurationList;
			buildConfigurations = (
				3B0879491C46ACEF00673CB2 /* Debug */,
				3B08794A1C46ACEF00673CB2 /* Release */,
			);
			defaultConfigurationIsVisible = 0;
		};
/* End XCConfigurationList section */
	};
	rootObject = 3B0879121C46ACEF00673CB2 /* Project object */;
}
